
Microsoft Visual Studio Solution File, Format Version 12.00
# Visual Studio Version 16
VisualStudioVersion = 16.0.30523.141
MinimumVisualStudioVersion = 10.0.40219.1
Project("{00D1A9C2-B5F0-4AF3-8072-F6C62B433612}") = "nba_database_version2", "nba_database_version2\nba_database_version2.sqlproj", "{D766AFD2-893B-44C3-9063-844047215331}"
EndProject
Global
	GlobalSection(SolutionConfigurationPlatforms) = preSolution
		Debug|Any CPU = Debug|Any CPU
		Release|Any CPU = Release|Any CPU
	EndGlobalSection
	GlobalSection(ProjectConfigurationPlatforms) = postSolution
		{D766AFD2-893B-44C3-9063-844047215331}.Debug|Any CPU.ActiveCfg = Debug|Any CPU
		{D766AFD2-893B-44C3-9063-844047215331}.Debug|Any CPU.Build.0 = Debug|Any CPU
		{D766AFD2-893B-44C3-9063-844047215331}.Debug|Any CPU.Deploy.0 = Debug|Any CPU
		{D766AFD2-893B-44C3-9063-844047215331}.Release|Any CPU.ActiveCfg = Release|Any CPU
		{D766AFD2-893B-44C3-9063-844047215331}.Release|Any CPU.Build.0 = Release|Any CPU
		{D766AFD2-893B-44C3-9063-844047215331}.Release|Any CPU.Deploy.0 = Release|Any CPU
	EndGlobalSection
	GlobalSection(SolutionProperties) = preSolution
		HideSolutionNode = FALSE
	EndGlobalSection
	GlobalSection(ExtensibilityGlobals) = postSolution
		SolutionGuid = {4351A212-E0E3-4083-8CA3-B26F780C0A16}
	EndGlobalSection
EndGlobal
